
Microsoft Visual Studio Solution File, Format Version 12.00
# Visual Studio Version 17
VisualStudioVersion = 17.0.31903.59
MinimumVisualStudioVersion = 10.0.40219.1
Project("{FAE04EC0-301F-11D3-BF4B-00C04F79EFBC}") = "PetFamily.Application", "src\PetFamily.Application\PetFamily.Application.csproj", "{45CE425F-F305-4055-B9D4-C807C9004534}"
EndProject
Project("{FAE04EC0-301F-11D3-BF4B-00C04F79EFBC}") = "PetFamily.Domain", "src\PetFamily.Domain\PetFamily.Domain.csproj", "{7A3B76B3-E179-4FC9-AB54-3B93469B63A1}"
EndProject
Project("{FAE04EC0-301F-11D3-BF4B-00C04F79EFBC}") = "PetFamily.Infrastructure", "src\PetFamily.Infrastructure\PetFamily.Infrastructure.csproj", "{EFCC99B9-72DE-4653-9E07-A4B4E5593070}"
EndProject
Project("{FAE04EC0-301F-11D3-BF4B-00C04F79EFBC}") = "PetFamily.Api", "src\PetFamily.Api\PetFamily.Api.csproj", "{3C0651F5-2FA0-4CF0-9147-0AF6D6B6A628}"
EndProject
Project("{2150E333-8FDC-42A3-9474-1A3956D46DE8}") = "Solution Items", "Solution Items", "{C77EF6E0-754F-4C85-B4E0-3C17DD8084EA}"
	ProjectSection(SolutionItems) = preProject
		docker-compose.yml = docker-compose.yml
	EndProjectSection
EndProject
Project("{FAE04EC0-301F-11D3-BF4B-00C04F79EFBC}") = "PetFamily.UnitTest", "tests\PetFamily.UnitTest\PetFamily.UnitTest.csproj", "{31C455EF-BFAA-4525-80C2-5877967F2448}"
EndProject
Project("{FAE04EC0-301F-11D3-BF4B-00C04F79EFBC}") = "PetFamily.UnitTest.Application", "tests\PetFamily.UnitTest.Application\PetFamily.UnitTest.Application.csproj", "{0BBBBAE3-84DC-46BA-92FB-908C9298D115}"
EndProject
Project("{2150E333-8FDC-42A3-9474-1A3956D46DE8}") = "tests", "tests", "{A2DCC7F6-F800-4EC5-8D5F-BA2A84FE173E}"
EndProject
Project("{FAE04EC0-301F-11D3-BF4B-00C04F79EFBC}") = "petfamily.Accounts.Application", "src\petfamily.Accounts.Application\petfamily.Accounts.Application.csproj", "{84A7D6F0-F856-4C0B-9CE6-9359BAB46B08}"
EndProject
Project("{FAE04EC0-301F-11D3-BF4B-00C04F79EFBC}") = "petfamily.Accounts.Controllers", "src\petfamily.Accounts.Controllers\petfamily.Accounts.Controllers.csproj", "{AF8391A2-1F44-41EB-8F2E-F3064705A9A4}"
EndProject
Project("{FAE04EC0-301F-11D3-BF4B-00C04F79EFBC}") = "petfamily.Accounts.Domain", "src\petfamily.Accounts.Domain\petfamily.Accounts.Domain.csproj", "{A24AE5CC-9829-4CA9-8734-4ECB4FCE46DD}"
EndProject
Project("{FAE04EC0-301F-11D3-BF4B-00C04F79EFBC}") = "PetFamily.Accounts.Infrostructure", "src\PetFamily.Accounts.Infrostructure\PetFamily.Accounts.Infrostructure.csproj", "{62151159-9643-4764-B130-312E7887D379}"
EndProject
Project("{FAE04EC0-301F-11D3-BF4B-00C04F79EFBC}") = "PetFamily.Core", "src\PetFamily.Core\PetFamily.Core.csproj", "{F936754F-7567-478E-8D58-7B953E9ACE78}"
EndProject
Project("{FAE04EC0-301F-11D3-BF4B-00C04F79EFBC}") = "PetFamily.Pet.Domain", "src\PetFamily.Pet.Domain\PetFamily.Pet.Domain.csproj", "{DE0D702C-2741-4E09-853D-758B97703C86}"
EndProject
Project("{FAE04EC0-301F-11D3-BF4B-00C04F79EFBC}") = "Petfamily.Pet.Infrastructure", "src\Petfamily.Pet.Infrastructure\Petfamily.Pet.Infrastructure.csproj", "{E3AA302F-9D91-4066-8F34-BEA090A67BC4}"
EndProject
Project("{FAE04EC0-301F-11D3-BF4B-00C04F79EFBC}") = "PetFamily.Pet.Application", "src\PetFamily.Pet.Application\PetFamily.Pet.Application.csproj", "{ED399BF0-EA4B-4E26-878B-3209874857CD}"
EndProject
Project("{FAE04EC0-301F-11D3-BF4B-00C04F79EFBC}") = "PetFamily.Pet.Controllers", "src\PetFamily.Pet.Controllers\PetFamily.Pet.Controllers.csproj", "{C1239028-00E6-496E-B3E6-518927A97E1B}"
EndProject
Project("{2150E333-8FDC-42A3-9474-1A3956D46DE8}") = "src", "src", "{5E1E9C80-1768-4DE0-BC2A-18975147E7B0}"
EndProject
Project("{2150E333-8FDC-42A3-9474-1A3956D46DE8}") = "Account", "Account", "{35501A0E-22BB-4A3F-BB17-95D3FBD42208}"
EndProject
Project("{FAE04EC0-301F-11D3-BF4B-00C04F79EFBC}") = "petfamily.KKK", "src\new\petfamily.KKK\petfamily.KKK.csproj", "{AEA49B72-6277-4F51-BDAA-760E2BB63513}"
EndProject
Global
	GlobalSection(SolutionConfigurationPlatforms) = preSolution
		Debug|Any CPU = Debug|Any CPU
		Release|Any CPU = Release|Any CPU
	EndGlobalSection
	GlobalSection(SolutionProperties) = preSolution
		HideSolutionNode = FALSE
	EndGlobalSection
	GlobalSection(ProjectConfigurationPlatforms) = postSolution
		{45CE425F-F305-4055-B9D4-C807C9004534}.Debug|Any CPU.ActiveCfg = Debug|Any CPU
		{45CE425F-F305-4055-B9D4-C807C9004534}.Debug|Any CPU.Build.0 = Debug|Any CPU
		{45CE425F-F305-4055-B9D4-C807C9004534}.Release|Any CPU.ActiveCfg = Release|Any CPU
		{45CE425F-F305-4055-B9D4-C807C9004534}.Release|Any CPU.Build.0 = Release|Any CPU
		{7A3B76B3-E179-4FC9-AB54-3B93469B63A1}.Debug|Any CPU.ActiveCfg = Debug|Any CPU
		{7A3B76B3-E179-4FC9-AB54-3B93469B63A1}.Debug|Any CPU.Build.0 = Debug|Any CPU
		{7A3B76B3-E179-4FC9-AB54-3B93469B63A1}.Release|Any CPU.ActiveCfg = Release|Any CPU
		{7A3B76B3-E179-4FC9-AB54-3B93469B63A1}.Release|Any CPU.Build.0 = Release|Any CPU
		{EFCC99B9-72DE-4653-9E07-A4B4E5593070}.Debug|Any CPU.ActiveCfg = Debug|Any CPU
		{EFCC99B9-72DE-4653-9E07-A4B4E5593070}.Debug|Any CPU.Build.0 = Debug|Any CPU
		{EFCC99B9-72DE-4653-9E07-A4B4E5593070}.Release|Any CPU.ActiveCfg = Release|Any CPU
		{EFCC99B9-72DE-4653-9E07-A4B4E5593070}.Release|Any CPU.Build.0 = Release|Any CPU
		{3C0651F5-2FA0-4CF0-9147-0AF6D6B6A628}.Debug|Any CPU.ActiveCfg = Debug|Any CPU
		{3C0651F5-2FA0-4CF0-9147-0AF6D6B6A628}.Debug|Any CPU.Build.0 = Debug|Any CPU
		{3C0651F5-2FA0-4CF0-9147-0AF6D6B6A628}.Release|Any CPU.ActiveCfg = Release|Any CPU
		{3C0651F5-2FA0-4CF0-9147-0AF6D6B6A628}.Release|Any CPU.Build.0 = Release|Any CPU
		{31C455EF-BFAA-4525-80C2-5877967F2448}.Debug|Any CPU.ActiveCfg = Debug|Any CPU
		{31C455EF-BFAA-4525-80C2-5877967F2448}.Debug|Any CPU.Build.0 = Debug|Any CPU
		{31C455EF-BFAA-4525-80C2-5877967F2448}.Release|Any CPU.ActiveCfg = Release|Any CPU
		{31C455EF-BFAA-4525-80C2-5877967F2448}.Release|Any CPU.Build.0 = Release|Any CPU
		{0BBBBAE3-84DC-46BA-92FB-908C9298D115}.Debug|Any CPU.ActiveCfg = Debug|Any CPU
		{0BBBBAE3-84DC-46BA-92FB-908C9298D115}.Debug|Any CPU.Build.0 = Debug|Any CPU
		{0BBBBAE3-84DC-46BA-92FB-908C9298D115}.Release|Any CPU.ActiveCfg = Release|Any CPU
		{0BBBBAE3-84DC-46BA-92FB-908C9298D115}.Release|Any CPU.Build.0 = Release|Any CPU
		{84A7D6F0-F856-4C0B-9CE6-9359BAB46B08}.Debug|Any CPU.ActiveCfg = Debug|Any CPU
		{84A7D6F0-F856-4C0B-9CE6-9359BAB46B08}.Debug|Any CPU.Build.0 = Debug|Any CPU
		{84A7D6F0-F856-4C0B-9CE6-9359BAB46B08}.Release|Any CPU.ActiveCfg = Release|Any CPU
		{84A7D6F0-F856-4C0B-9CE6-9359BAB46B08}.Release|Any CPU.Build.0 = Release|Any CPU
		{AF8391A2-1F44-41EB-8F2E-F3064705A9A4}.Debug|Any CPU.ActiveCfg = Debug|Any CPU
		{AF8391A2-1F44-41EB-8F2E-F3064705A9A4}.Debug|Any CPU.Build.0 = Debug|Any CPU
		{AF8391A2-1F44-41EB-8F2E-F3064705A9A4}.Release|Any CPU.ActiveCfg = Release|Any CPU
		{AF8391A2-1F44-41EB-8F2E-F3064705A9A4}.Release|Any CPU.Build.0 = Release|Any CPU
		{A24AE5CC-9829-4CA9-8734-4ECB4FCE46DD}.Debug|Any CPU.ActiveCfg = Debug|Any CPU
		{A24AE5CC-9829-4CA9-8734-4ECB4FCE46DD}.Debug|Any CPU.Build.0 = Debug|Any CPU
		{A24AE5CC-9829-4CA9-8734-4ECB4FCE46DD}.Release|Any CPU.ActiveCfg = Release|Any CPU
		{A24AE5CC-9829-4CA9-8734-4ECB4FCE46DD}.Release|Any CPU.Build.0 = Release|Any CPU
		{62151159-9643-4764-B130-312E7887D379}.Debug|Any CPU.ActiveCfg = Debug|Any CPU
		{62151159-9643-4764-B130-312E7887D379}.Debug|Any CPU.Build.0 = Debug|Any CPU
		{62151159-9643-4764-B130-312E7887D379}.Release|Any CPU.ActiveCfg = Release|Any CPU
		{62151159-9643-4764-B130-312E7887D379}.Release|Any CPU.Build.0 = Release|Any CPU
		{F936754F-7567-478E-8D58-7B953E9ACE78}.Debug|Any CPU.ActiveCfg = Debug|Any CPU
		{F936754F-7567-478E-8D58-7B953E9ACE78}.Debug|Any CPU.Build.0 = Debug|Any CPU
		{F936754F-7567-478E-8D58-7B953E9ACE78}.Release|Any CPU.ActiveCfg = Release|Any CPU
		{F936754F-7567-478E-8D58-7B953E9ACE78}.Release|Any CPU.Build.0 = Release|Any CPU
		{DE0D702C-2741-4E09-853D-758B97703C86}.Debug|Any CPU.ActiveCfg = Debug|Any CPU
		{DE0D702C-2741-4E09-853D-758B97703C86}.Debug|Any CPU.Build.0 = Debug|Any CPU
		{DE0D702C-2741-4E09-853D-758B97703C86}.Release|Any CPU.ActiveCfg = Release|Any CPU
		{DE0D702C-2741-4E09-853D-758B97703C86}.Release|Any CPU.Build.0 = Release|Any CPU
		{E3AA302F-9D91-4066-8F34-BEA090A67BC4}.Debug|Any CPU.ActiveCfg = Debug|Any CPU
		{E3AA302F-9D91-4066-8F34-BEA090A67BC4}.Debug|Any CPU.Build.0 = Debug|Any CPU
		{E3AA302F-9D91-4066-8F34-BEA090A67BC4}.Release|Any CPU.ActiveCfg = Release|Any CPU
		{E3AA302F-9D91-4066-8F34-BEA090A67BC4}.Release|Any CPU.Build.0 = Release|Any CPU
		{ED399BF0-EA4B-4E26-878B-3209874857CD}.Debug|Any CPU.ActiveCfg = Debug|Any CPU
		{ED399BF0-EA4B-4E26-878B-3209874857CD}.Debug|Any CPU.Build.0 = Debug|Any CPU
		{ED399BF0-EA4B-4E26-878B-3209874857CD}.Release|Any CPU.ActiveCfg = Release|Any CPU
		{ED399BF0-EA4B-4E26-878B-3209874857CD}.Release|Any CPU.Build.0 = Release|Any CPU
		{C1239028-00E6-496E-B3E6-518927A97E1B}.Debug|Any CPU.ActiveCfg = Debug|Any CPU
		{C1239028-00E6-496E-B3E6-518927A97E1B}.Debug|Any CPU.Build.0 = Debug|Any CPU
		{C1239028-00E6-496E-B3E6-518927A97E1B}.Release|Any CPU.ActiveCfg = Release|Any CPU
		{C1239028-00E6-496E-B3E6-518927A97E1B}.Release|Any CPU.Build.0 = Release|Any CPU
		{AEA49B72-6277-4F51-BDAA-760E2BB63513}.Debug|Any CPU.ActiveCfg = Debug|Any CPU
		{AEA49B72-6277-4F51-BDAA-760E2BB63513}.Debug|Any CPU.Build.0 = Debug|Any CPU
		{AEA49B72-6277-4F51-BDAA-760E2BB63513}.Release|Any CPU.ActiveCfg = Release|Any CPU
		{AEA49B72-6277-4F51-BDAA-760E2BB63513}.Release|Any CPU.Build.0 = Release|Any CPU
	EndGlobalSection
	GlobalSection(NestedProjects) = preSolution
		{31C455EF-BFAA-4525-80C2-5877967F2448} = {A2DCC7F6-F800-4EC5-8D5F-BA2A84FE173E}
		{0BBBBAE3-84DC-46BA-92FB-908C9298D115} = {A2DCC7F6-F800-4EC5-8D5F-BA2A84FE173E}
		{3C0651F5-2FA0-4CF0-9147-0AF6D6B6A628} = {5E1E9C80-1768-4DE0-BC2A-18975147E7B0}
		{45CE425F-F305-4055-B9D4-C807C9004534} = {5E1E9C80-1768-4DE0-BC2A-18975147E7B0}
		{7A3B76B3-E179-4FC9-AB54-3B93469B63A1} = {5E1E9C80-1768-4DE0-BC2A-18975147E7B0}
		{EFCC99B9-72DE-4653-9E07-A4B4E5593070} = {5E1E9C80-1768-4DE0-BC2A-18975147E7B0}
		{ED399BF0-EA4B-4E26-878B-3209874857CD} = {5E1E9C80-1768-4DE0-BC2A-18975147E7B0}
		{C1239028-00E6-496E-B3E6-518927A97E1B} = {5E1E9C80-1768-4DE0-BC2A-18975147E7B0}
		{DE0D702C-2741-4E09-853D-758B97703C86} = {5E1E9C80-1768-4DE0-BC2A-18975147E7B0}
		{E3AA302F-9D91-4066-8F34-BEA090A67BC4} = {5E1E9C80-1768-4DE0-BC2A-18975147E7B0}
		{F936754F-7567-478E-8D58-7B953E9ACE78} = {5E1E9C80-1768-4DE0-BC2A-18975147E7B0}
		{84A7D6F0-F856-4C0B-9CE6-9359BAB46B08} = {35501A0E-22BB-4A3F-BB17-95D3FBD42208}
		{AF8391A2-1F44-41EB-8F2E-F3064705A9A4} = {35501A0E-22BB-4A3F-BB17-95D3FBD42208}
		{A24AE5CC-9829-4CA9-8734-4ECB4FCE46DD} = {35501A0E-22BB-4A3F-BB17-95D3FBD42208}
		{62151159-9643-4764-B130-312E7887D379} = {35501A0E-22BB-4A3F-BB17-95D3FBD42208}
	EndGlobalSection
EndGlobal
