
Microsoft Visual Studio Solution File, Format Version 12.00
# Visual Studio Version 17
VisualStudioVersion = 17.0.31903.59
MinimumVisualStudioVersion = 10.0.40219.1
Project("{FAE04EC0-301F-11D3-BF4B-00C04F79EFBC}") = "PetFamily.Web", "src\PetFamily.Web\PetFamily.Web.csproj", "{3C0651F5-2FA0-4CF0-9147-0AF6D6B6A628}"
EndProject
Project("{2150E333-8FDC-42A3-9474-1A3956D46DE8}") = "Solution Items", "Solution Items", "{C77EF6E0-754F-4C85-B4E0-3C17DD8084EA}"
	ProjectSection(SolutionItems) = preProject
		docker-compose.yml = docker-compose.yml
	EndProjectSection
EndProject
Project("{FAE04EC0-301F-11D3-BF4B-00C04F79EFBC}") = "PetFamily.UnitTest", "tests\PetFamily.UnitTest\PetFamily.UnitTest.csproj", "{31C455EF-BFAA-4525-80C2-5877967F2448}"
EndProject
Project("{FAE04EC0-301F-11D3-BF4B-00C04F79EFBC}") = "PetFamily.UnitTest.Application", "tests\PetFamily.UnitTest.Application\PetFamily.UnitTest.Application.csproj", "{0BBBBAE3-84DC-46BA-92FB-908C9298D115}"
EndProject
Project("{2150E333-8FDC-42A3-9474-1A3956D46DE8}") = "tests", "tests", "{A2DCC7F6-F800-4EC5-8D5F-BA2A84FE173E}"
EndProject
Project("{2150E333-8FDC-42A3-9474-1A3956D46DE8}") = "src", "src", "{5E1E9C80-1768-4DE0-BC2A-18975147E7B0}"
EndProject
Project("{2150E333-8FDC-42A3-9474-1A3956D46DE8}") = "Account", "Account", "{35501A0E-22BB-4A3F-BB17-95D3FBD42208}"
EndProject
Project("{FAE04EC0-301F-11D3-BF4B-00C04F79EFBC}") = "Petfamily.Accounts.Application", "src\Accounts\Petfamily.Accounts.Application\Petfamily.Accounts.Application.csproj", "{60E87174-D093-4DCD-BFEC-C7B781C111C0}"
EndProject
Project("{FAE04EC0-301F-11D3-BF4B-00C04F79EFBC}") = "Petfamily.Accounts.Infrastructure", "src\Accounts\Petfamily.Accounts.Infrastructure\Petfamily.Accounts.Infrastructure.csproj", "{F8143602-E9AE-495E-9AA8-1CD91720214E}"
EndProject
Project("{FAE04EC0-301F-11D3-BF4B-00C04F79EFBC}") = "Petfamily.Accounts.Domain", "src\Accounts\Petfamily.Accounts.Domain\Petfamily.Accounts.Domain.csproj", "{1B993162-5D2E-48C9-8905-34781CD5BFC4}"
EndProject
Project("{FAE04EC0-301F-11D3-BF4B-00C04F79EFBC}") = "Petfamily.Accounts.Presentations", "src\Accounts\Petfamily.Accounts.Presentations\Petfamily.Accounts.Presentations.csproj", "{E17C22B8-DD55-4A72-B671-D99CBAFD53A4}"
EndProject
Project("{FAE04EC0-301F-11D3-BF4B-00C04F79EFBC}") = "PetFamily.Accounts.Contracts", "src\Accounts\PetFamily.Accounts.Contracts\PetFamily.Accounts.Contracts.csproj", "{89537550-A085-4799-9590-FE5A402456E8}"
EndProject
Project("{2150E333-8FDC-42A3-9474-1A3956D46DE8}") = "Shared", "Shared", "{2E8E50FB-BD05-4FA6-A0D3-D6C945BF4890}"
EndProject
Project("{FAE04EC0-301F-11D3-BF4B-00C04F79EFBC}") = "PetFamily.Shared.SharedKernel", "src\Shared\PetFamily.Shared.SharedKernel\PetFamily.Shared.SharedKernel.csproj", "{2F30762B-7C2F-4235-B693-253C3BBBBA6B}"
EndProject
Project("{FAE04EC0-301F-11D3-BF4B-00C04F79EFBC}") = "PetFamily.Shared.Framework", "src\Shared\PetFamily.Shared.Framework\PetFamily.Shared.Framework.csproj", "{B3048160-BC60-4303-AAB8-3B6B24980231}"
EndProject
Project("{FAE04EC0-301F-11D3-BF4B-00C04F79EFBC}") = "PetFamily.Shared.Core", "src\Shared\PetFamily.Shared.Core\PetFamily.Shared.Core.csproj", "{F1224BC0-6195-4C8F-B174-309034595F29}"
EndProject
Project("{2150E333-8FDC-42A3-9474-1A3956D46DE8}") = "Files", "Files", "{A5400F2B-0399-4735-A84E-1164BB8A8473}"
EndProject
Project("{2150E333-8FDC-42A3-9474-1A3956D46DE8}") = "Pet", "Pet", "{CAE906FC-C739-4119-8AB9-12A55C794A7F}"
EndProject
Project("{FAE04EC0-301F-11D3-BF4B-00C04F79EFBC}") = "PetFamily.Pet.Application", "src\Pet\PetFamily.Pet.Application\PetFamily.Pet.Application.csproj", "{69214249-B848-4131-9F90-E0EA69F9179E}"
EndProject
Project("{FAE04EC0-301F-11D3-BF4B-00C04F79EFBC}") = "PetFamily.Pet.Controllers", "src\Pet\PetFamily.Pet.Controllers\PetFamily.Pet.Controllers.csproj", "{FD970B1C-EF23-458E-AE82-D95013DE7AEB}"
EndProject
Project("{FAE04EC0-301F-11D3-BF4B-00C04F79EFBC}") = "PetFamily.Pet.Domain", "src\Pet\PetFamily.Pet.Domain\PetFamily.Pet.Domain.csproj", "{D6D9CD2C-4960-40F6-A3D9-56C9730A2C40}"
EndProject
Project("{FAE04EC0-301F-11D3-BF4B-00C04F79EFBC}") = "Petfamily.Pet.Infrastructure", "src\Pet\Petfamily.Pet.Infrastructure\Petfamily.Pet.Infrastructure.csproj", "{F0893B7E-DA9F-47EA-952C-E9952D3147FC}"
EndProject
Global
	GlobalSection(SolutionConfigurationPlatforms) = preSolution
		Debug|Any CPU = Debug|Any CPU
		Release|Any CPU = Release|Any CPU
	EndGlobalSection
	GlobalSection(SolutionProperties) = preSolution
		HideSolutionNode = FALSE
	EndGlobalSection
	GlobalSection(ProjectConfigurationPlatforms) = postSolution
		{3C0651F5-2FA0-4CF0-9147-0AF6D6B6A628}.Debug|Any CPU.ActiveCfg = Debug|Any CPU
		{3C0651F5-2FA0-4CF0-9147-0AF6D6B6A628}.Debug|Any CPU.Build.0 = Debug|Any CPU
		{3C0651F5-2FA0-4CF0-9147-0AF6D6B6A628}.Release|Any CPU.ActiveCfg = Release|Any CPU
		{3C0651F5-2FA0-4CF0-9147-0AF6D6B6A628}.Release|Any CPU.Build.0 = Release|Any CPU
		{31C455EF-BFAA-4525-80C2-5877967F2448}.Debug|Any CPU.ActiveCfg = Debug|Any CPU
		{31C455EF-BFAA-4525-80C2-5877967F2448}.Debug|Any CPU.Build.0 = Debug|Any CPU
		{31C455EF-BFAA-4525-80C2-5877967F2448}.Release|Any CPU.ActiveCfg = Release|Any CPU
		{31C455EF-BFAA-4525-80C2-5877967F2448}.Release|Any CPU.Build.0 = Release|Any CPU
		{0BBBBAE3-84DC-46BA-92FB-908C9298D115}.Debug|Any CPU.ActiveCfg = Debug|Any CPU
		{0BBBBAE3-84DC-46BA-92FB-908C9298D115}.Debug|Any CPU.Build.0 = Debug|Any CPU
		{0BBBBAE3-84DC-46BA-92FB-908C9298D115}.Release|Any CPU.ActiveCfg = Release|Any CPU
		{0BBBBAE3-84DC-46BA-92FB-908C9298D115}.Release|Any CPU.Build.0 = Release|Any CPU
		{60E87174-D093-4DCD-BFEC-C7B781C111C0}.Debug|Any CPU.ActiveCfg = Debug|Any CPU
		{60E87174-D093-4DCD-BFEC-C7B781C111C0}.Debug|Any CPU.Build.0 = Debug|Any CPU
		{60E87174-D093-4DCD-BFEC-C7B781C111C0}.Release|Any CPU.ActiveCfg = Release|Any CPU
		{60E87174-D093-4DCD-BFEC-C7B781C111C0}.Release|Any CPU.Build.0 = Release|Any CPU
		{F8143602-E9AE-495E-9AA8-1CD91720214E}.Debug|Any CPU.ActiveCfg = Debug|Any CPU
		{F8143602-E9AE-495E-9AA8-1CD91720214E}.Debug|Any CPU.Build.0 = Debug|Any CPU
		{F8143602-E9AE-495E-9AA8-1CD91720214E}.Release|Any CPU.ActiveCfg = Release|Any CPU
		{F8143602-E9AE-495E-9AA8-1CD91720214E}.Release|Any CPU.Build.0 = Release|Any CPU
		{1B993162-5D2E-48C9-8905-34781CD5BFC4}.Debug|Any CPU.ActiveCfg = Debug|Any CPU
		{1B993162-5D2E-48C9-8905-34781CD5BFC4}.Debug|Any CPU.Build.0 = Debug|Any CPU
		{1B993162-5D2E-48C9-8905-34781CD5BFC4}.Release|Any CPU.ActiveCfg = Release|Any CPU
		{1B993162-5D2E-48C9-8905-34781CD5BFC4}.Release|Any CPU.Build.0 = Release|Any CPU
		{E17C22B8-DD55-4A72-B671-D99CBAFD53A4}.Debug|Any CPU.ActiveCfg = Debug|Any CPU
		{E17C22B8-DD55-4A72-B671-D99CBAFD53A4}.Debug|Any CPU.Build.0 = Debug|Any CPU
		{E17C22B8-DD55-4A72-B671-D99CBAFD53A4}.Release|Any CPU.ActiveCfg = Release|Any CPU
		{E17C22B8-DD55-4A72-B671-D99CBAFD53A4}.Release|Any CPU.Build.0 = Release|Any CPU
		{89537550-A085-4799-9590-FE5A402456E8}.Debug|Any CPU.ActiveCfg = Debug|Any CPU
		{89537550-A085-4799-9590-FE5A402456E8}.Debug|Any CPU.Build.0 = Debug|Any CPU
		{89537550-A085-4799-9590-FE5A402456E8}.Release|Any CPU.ActiveCfg = Release|Any CPU
		{89537550-A085-4799-9590-FE5A402456E8}.Release|Any CPU.Build.0 = Release|Any CPU
		{2F30762B-7C2F-4235-B693-253C3BBBBA6B}.Debug|Any CPU.ActiveCfg = Debug|Any CPU
		{2F30762B-7C2F-4235-B693-253C3BBBBA6B}.Debug|Any CPU.Build.0 = Debug|Any CPU
		{2F30762B-7C2F-4235-B693-253C3BBBBA6B}.Release|Any CPU.ActiveCfg = Release|Any CPU
		{2F30762B-7C2F-4235-B693-253C3BBBBA6B}.Release|Any CPU.Build.0 = Release|Any CPU
		{B3048160-BC60-4303-AAB8-3B6B24980231}.Debug|Any CPU.ActiveCfg = Debug|Any CPU
		{B3048160-BC60-4303-AAB8-3B6B24980231}.Debug|Any CPU.Build.0 = Debug|Any CPU
		{B3048160-BC60-4303-AAB8-3B6B24980231}.Release|Any CPU.ActiveCfg = Release|Any CPU
		{B3048160-BC60-4303-AAB8-3B6B24980231}.Release|Any CPU.Build.0 = Release|Any CPU
		{F1224BC0-6195-4C8F-B174-309034595F29}.Debug|Any CPU.ActiveCfg = Debug|Any CPU
		{F1224BC0-6195-4C8F-B174-309034595F29}.Debug|Any CPU.Build.0 = Debug|Any CPU
		{F1224BC0-6195-4C8F-B174-309034595F29}.Release|Any CPU.ActiveCfg = Release|Any CPU
		{F1224BC0-6195-4C8F-B174-309034595F29}.Release|Any CPU.Build.0 = Release|Any CPU
		{69214249-B848-4131-9F90-E0EA69F9179E}.Debug|Any CPU.ActiveCfg = Debug|Any CPU
		{69214249-B848-4131-9F90-E0EA69F9179E}.Debug|Any CPU.Build.0 = Debug|Any CPU
		{69214249-B848-4131-9F90-E0EA69F9179E}.Release|Any CPU.ActiveCfg = Release|Any CPU
		{69214249-B848-4131-9F90-E0EA69F9179E}.Release|Any CPU.Build.0 = Release|Any CPU
		{FD970B1C-EF23-458E-AE82-D95013DE7AEB}.Debug|Any CPU.ActiveCfg = Debug|Any CPU
		{FD970B1C-EF23-458E-AE82-D95013DE7AEB}.Debug|Any CPU.Build.0 = Debug|Any CPU
		{FD970B1C-EF23-458E-AE82-D95013DE7AEB}.Release|Any CPU.ActiveCfg = Release|Any CPU
		{FD970B1C-EF23-458E-AE82-D95013DE7AEB}.Release|Any CPU.Build.0 = Release|Any CPU
		{D6D9CD2C-4960-40F6-A3D9-56C9730A2C40}.Debug|Any CPU.ActiveCfg = Debug|Any CPU
		{D6D9CD2C-4960-40F6-A3D9-56C9730A2C40}.Debug|Any CPU.Build.0 = Debug|Any CPU
		{D6D9CD2C-4960-40F6-A3D9-56C9730A2C40}.Release|Any CPU.ActiveCfg = Release|Any CPU
		{D6D9CD2C-4960-40F6-A3D9-56C9730A2C40}.Release|Any CPU.Build.0 = Release|Any CPU
		{F0893B7E-DA9F-47EA-952C-E9952D3147FC}.Debug|Any CPU.ActiveCfg = Debug|Any CPU
		{F0893B7E-DA9F-47EA-952C-E9952D3147FC}.Debug|Any CPU.Build.0 = Debug|Any CPU
		{F0893B7E-DA9F-47EA-952C-E9952D3147FC}.Release|Any CPU.ActiveCfg = Release|Any CPU
		{F0893B7E-DA9F-47EA-952C-E9952D3147FC}.Release|Any CPU.Build.0 = Release|Any CPU
	EndGlobalSection
	GlobalSection(NestedProjects) = preSolution
		{31C455EF-BFAA-4525-80C2-5877967F2448} = {A2DCC7F6-F800-4EC5-8D5F-BA2A84FE173E}
		{0BBBBAE3-84DC-46BA-92FB-908C9298D115} = {A2DCC7F6-F800-4EC5-8D5F-BA2A84FE173E}
		{35501A0E-22BB-4A3F-BB17-95D3FBD42208} = {5E1E9C80-1768-4DE0-BC2A-18975147E7B0}
		{60E87174-D093-4DCD-BFEC-C7B781C111C0} = {35501A0E-22BB-4A3F-BB17-95D3FBD42208}
		{E17C22B8-DD55-4A72-B671-D99CBAFD53A4} = {35501A0E-22BB-4A3F-BB17-95D3FBD42208}
		{1B993162-5D2E-48C9-8905-34781CD5BFC4} = {35501A0E-22BB-4A3F-BB17-95D3FBD42208}
		{F8143602-E9AE-495E-9AA8-1CD91720214E} = {35501A0E-22BB-4A3F-BB17-95D3FBD42208}
		{89537550-A085-4799-9590-FE5A402456E8} = {35501A0E-22BB-4A3F-BB17-95D3FBD42208}
		{2E8E50FB-BD05-4FA6-A0D3-D6C945BF4890} = {5E1E9C80-1768-4DE0-BC2A-18975147E7B0}
		{2F30762B-7C2F-4235-B693-253C3BBBBA6B} = {2E8E50FB-BD05-4FA6-A0D3-D6C945BF4890}
		{B3048160-BC60-4303-AAB8-3B6B24980231} = {2E8E50FB-BD05-4FA6-A0D3-D6C945BF4890}
		{3C0651F5-2FA0-4CF0-9147-0AF6D6B6A628} = {5E1E9C80-1768-4DE0-BC2A-18975147E7B0}
		{F1224BC0-6195-4C8F-B174-309034595F29} = {2E8E50FB-BD05-4FA6-A0D3-D6C945BF4890}
		{A5400F2B-0399-4735-A84E-1164BB8A8473} = {5E1E9C80-1768-4DE0-BC2A-18975147E7B0}
		{CAE906FC-C739-4119-8AB9-12A55C794A7F} = {5E1E9C80-1768-4DE0-BC2A-18975147E7B0}
		{69214249-B848-4131-9F90-E0EA69F9179E} = {CAE906FC-C739-4119-8AB9-12A55C794A7F}
		{FD970B1C-EF23-458E-AE82-D95013DE7AEB} = {CAE906FC-C739-4119-8AB9-12A55C794A7F}
		{D6D9CD2C-4960-40F6-A3D9-56C9730A2C40} = {CAE906FC-C739-4119-8AB9-12A55C794A7F}
		{F0893B7E-DA9F-47EA-952C-E9952D3147FC} = {CAE906FC-C739-4119-8AB9-12A55C794A7F}
	EndGlobalSection
EndGlobal
